Microsoft Visual Studio Solution File, Format Version 8.00
Project("{FAE04EC0-301F-11D3-BF4B-00C04F79EFBC}") = "ObjectOrientedModel_1", "ObjectOrientedModel_1.csproj", "{34DA9D56-8B7D-4887-851C-6F56D6A79501}"
EndProject
Global
	GlobalSection(SolutionConfiguration) = preSolution
		ConfigName.0 = Debug
		ConfigName.1 = Release
	EndGlobalSection
	GlobalSection(ProjectDependencies) = postSolution
	EndGlobalSection
	GlobalSection(ProjectConfiguration) = postSolution
		{34DA9D56-8B7D-4887-851C-6F56D6A79501}.Debug.ActiveCfg = Debug|.NET
		{34DA9D56-8B7D-4887-851C-6F56D6A79501}.Debug.Build.0 = Debug|.NET
		{34DA9D56-8B7D-4887-851C-6F56D6A79501}.Release.ActiveCfg = Release|.NET
		{34DA9D56-8B7D-4887-851C-6F56D6A79501}.Release.Build.0 = Release|.NET
	EndGlobalSection
	GlobalSection(ExtensibilityGlobals) = postSolution
	EndGlobalSection
	GlobalSection(ExtensibilityAddIns) = postSolution
	EndGlobalSection
EndGlobal